<?xml version="1.0" encoding="utf-8"?>
<Project ToolsVersion="4.0" xmlns="http://schemas.microsoft.com/developer/msbuild/2003">
  <ItemGroup>
    <Filter Include="2: Game">
      <UniqueIdentifier>{54e69cfa-7569-4bcb-bb07-e7071c01550f}</UniqueIdentifier>
    </Filter>
    <Filter Include="2: Game\GameObjects Code">
      <UniqueIdentifier>{d6609fbb-ee0e-4ccd-8e63-72ceb386399a}</UniqueIdentifier>
    </Filter>
    <Filter Include="2: Game\GameObjects Code\Static World Objects">
      <UniqueIdentifier>{d64696f5-d94f-4455-bda9-93b6f1eacb7b}</UniqueIdentifier>
    </Filter>
    <Filter Include="2: Game\GameObjects Code\Static World Objects\waterAnim">
      <UniqueIdentifier>{83583c1a-0c7e-4cb3-87e8-7f72df4fc563}</UniqueIdentifier>
    </Filter>
    <Filter Include="2: Game\GameObjects Code\SFX &amp; Particles">
      <UniqueIdentifier>{6e479054-f44e-4f67-95e8-a58a5e6aea7f}</UniqueIdentifier>
    </Filter>
    <Filter Include="2: Game\GameObjects Code\Items / Weapons">
      <UniqueIdentifier>{91777047-75e9-4d5f-9e27-90b6c27200a6}</UniqueIdentifier>
    </Filter>
    <Filter Include="2: Game\GameObjects Code\Nature and Procedural">
      <UniqueIdentifier>{38a3199a-096c-484d-97ed-ce4059b071f2}</UniqueIdentifier>
    </Filter>
    <Filter Include="2: Game\GameObjects Code\Nature and Procedural\cloudsSimple">
      <UniqueIdentifier>{a3ff9541-54a5-4122-a9da-d2298c58aed7}</UniqueIdentifier>
    </Filter>
    <Filter Include="2: Game\GameObjects Code\Service Objects">
      <UniqueIdentifier>{d24d8914-fc05-41c0-8d01-e3afff6199f3}</UniqueIdentifier>
    </Filter>
    <Filter Include="2: Game\GameObjects Code\AI FPS">
      <UniqueIdentifier>{d5106127-a31b-49f5-a25c-ca9726a78b93}</UniqueIdentifier>
    </Filter>
    <Filter Include="2: Game\GameObjects Code\Gameplay">
      <UniqueIdentifier>{1bb4dd30-ea34-43cf-939f-719fe7facda3}</UniqueIdentifier>
    </Filter>
    <Filter Include="2: Game\GameObjects Code\Gameplay\AI_Objects">
      <UniqueIdentifier>{4328b549-79e2-47e0-9dff-0f8f62d1c627}</UniqueIdentifier>
    </Filter>
    <Filter Include="2: Game\Rendering">
      <UniqueIdentifier>{e1de7b9c-23c9-43d6-88d5-65e4c2543c36}</UniqueIdentifier>
    </Filter>
    <Filter Include="2: Game\Rendering\PC/Xbox">
      <UniqueIdentifier>{8c7bb840-a38e-4bfa-9c55-f40c54400a94}</UniqueIdentifier>
    </Filter>
    <Filter Include="2: Game\Rendering\Deffered HLSL">
      <UniqueIdentifier>{deb4374d-a840-419e-8de1-719671e494dd}</UniqueIdentifier>
    </Filter>
    <Filter Include="2: Game\Rendering\Deffered HLSL\PostFXes">
      <UniqueIdentifier>{622fb052-d477-40ef-bc33-2f666c515eb1}</UniqueIdentifier>
    </Filter>
    <Filter Include="2: Game\Rendering\Probes">
      <UniqueIdentifier>{9933297c-63fa-42f6-83dd-9265c3c8abf8}</UniqueIdentifier>
    </Filter>
    <Filter Include="3: Client  / UI">
      <UniqueIdentifier>{4d5767ec-ed7d-41d4-b4dc-6f1343b22cc3}</UniqueIdentifier>
    </Filter>
    <Filter Include="3: Client  / UI\UI">
      <UniqueIdentifier>{55581dd1-7d7c-4957-b984-5f4610ff5ee6}</UniqueIdentifier>
    </Filter>
    <Filter Include="3: Client  / UI\Editors">
      <UniqueIdentifier>{4d06a6a1-aa9f-413c-b238-804603bc942e}</UniqueIdentifier>
    </Filter>
    <Filter Include="3: Client  / UI\Menus">
      <UniqueIdentifier>{15d3c102-9ff7-4491-b35f-d01bc7a82fd8}</UniqueIdentifier>
    </Filter>
    <Filter Include="3: Client  / UI\Account">
      <UniqueIdentifier>{9979f458-9943-4c86-abbc-7e0784e941d2}</UniqueIdentifier>
    </Filter>
    <Filter Include="3: Client  / UI\UI Filters">
      <UniqueIdentifier>{4c48d21c-5a93-4844-a3df-2f2fcf54dd1a}</UniqueIdentifier>
    </Filter>
    <Filter Include="Multiplayer">
      <UniqueIdentifier>{a484fc6a-3ef6-4526-afb1-f0230ebc2783}</UniqueIdentifier>
    </Filter>
    <Filter Include="Core">
      <UniqueIdentifier>{3074d331-47ed-4229-99b6-0c45877cb1e8}</UniqueIdentifier>
    </Filter>
    <Filter Include="BackEnd">
      <UniqueIdentifier>{28f280bb-617e-4096-a80c-371627787b23}</UniqueIdentifier>
    </Filter>
    <Filter Include="GameEngine">
      <UniqueIdentifier>{3bf5f9de-d3a5-4a96-9eb8-009d6ed42c1e}</UniqueIdentifier>
    </Filter>
    <Filter Include="GameEngine\ai">
      <UniqueIdentifier>{87dfb02d-1692-4e81-b73d-1c7627a44449}</UniqueIdentifier>
    </Filter>
    <Filter Include="GameEngine\ai\AutodeskNav">
      <UniqueIdentifier>{f1d4e8c8-8d73-44a4-ab7b-a75e3f4514d5}</UniqueIdentifier>
    </Filter>
    <Filter Include="GameEngine\fmod">
      <UniqueIdentifier>{2e979887-e591-4a04-bfe8-84ce54e57ff0}</UniqueIdentifier>
    </Filter>
    <Filter Include="GameEngine\gameobjects">
      <UniqueIdentifier>{7844f3cf-322d-4a72-8718-ad5403428ea8}</UniqueIdentifier>
    </Filter>
    <Filter Include="GameEngine\Scaleform">
      <UniqueIdentifier>{f691374a-618d-4063-b1f0-6c082283ed0a}</UniqueIdentifier>
    </Filter>
    <Filter Include="GameEngine\TrueNature">
      <UniqueIdentifier>{ab81eb53-e4c4-4b3b-9810-1e02c58fd2ac}</UniqueIdentifier>
    </Filter>
    <Filter Include="GameEngine\TrueNature\CloudPlane">
      <UniqueIdentifier>{15bfd0ff-7645-466c-adce-3fa14f643a44}</UniqueIdentifier>
    </Filter>
    <Filter Include="GameEngine\TrueNature2">
      <UniqueIdentifier>{4ed55d2b-8468-4b36-b857-d34eca93f9b0}</UniqueIdentifier>
    </Filter>
    <Filter Include="GameEngine\PhysX Character Controller">
      <UniqueIdentifier>{72c263d4-e89f-4234-87c0-b750ca59a34c}</UniqueIdentifier>
    </Filter>
  </ItemGroup>
  <ItemGroup>
    <ClCompile Include="Sources\ObjectsCode\WORLD\obj_DebugTexture.cpp">
      <Filter>2: Game\GameObjects Code</Filter>
    </ClCompile>
    <ClCompile Include="Sources\ObjectsCode\World\Building.cpp">
      <Filter>2: Game\GameObjects Code\Static World Objects</Filter>
    </ClCompile>
    <ClCompile Include="Sources\ObjectsCode\WORLD\Lake.CPP">
      <Filter>2: Game\GameObjects Code\Static World Objects</Filter>
    </ClCompile>
    <ClCompile Include="Sources\ObjectsCode\World\Lamp.cpp">
      <Filter>2: Game\GameObjects Code\Static World Objects</Filter>
    </ClCompile>
    <ClCompile Include="Sources\ObjectsCode\WORLD\obj_Group.cpp">
      <Filter>2: Game\GameObjects Code\Static World Objects</Filter>
    </ClCompile>
    <ClCompile Include="Sources\ObjectsCode\WORLD\obj_LightMesh.cpp">
      <Filter>2: Game\GameObjects Code\Static World Objects</Filter>
    </ClCompile>
    <ClCompile Include="Sources\ObjectsCode\WORLD\tree.cpp">
      <Filter>2: Game\GameObjects Code\Static World Objects</Filter>
    </ClCompile>
    <ClCompile Include="Sources\ObjectsCode\WORLD\water.cpp">
      <Filter>2: Game\GameObjects Code\Static World Objects</Filter>
    </ClCompile>
    <ClCompile Include="Sources\ObjectsCode\WORLD\WaterPlane.CPP">
      <Filter>2: Game\GameObjects Code\Static World Objects</Filter>
    </ClCompile>
    <ClCompile Include="Sources\ObjectsCode\WORLD\waterAnim\fft.cpp">
      <Filter>2: Game\GameObjects Code\Static World Objects\waterAnim</Filter>
    </ClCompile>
    <ClCompile Include="Sources\ObjectsCode\WORLD\waterAnim\wavesGenerator.cpp">
      <Filter>2: Game\GameObjects Code\Static World Objects\waterAnim</Filter>
    </ClCompile>
    <ClCompile Include="Sources\ObjectsCode\Effects\obj_ParticleSystem.cpp">
      <Filter>2: Game\GameObjects Code\SFX &amp; Particles</Filter>
    </ClCompile>
    <ClCompile Include="Sources\ObjectsCode\WEAPONS\Ammo.cpp">
      <Filter>2: Game\GameObjects Code\Items / Weapons</Filter>
    </ClCompile>
    <ClCompile Include="Sources\ObjectsCode\WEAPONS\Barricade.cpp">
      <Filter>2: Game\GameObjects Code\Items / Weapons</Filter>
    </ClCompile>
    <ClCompile Include="Sources\ObjectsCode\WEAPONS\BaseItemConfig.cpp">
      <Filter>2: Game\GameObjects Code\Items / Weapons</Filter>
    </ClCompile>
    <ClCompile Include="Sources\ObjectsCode\WEAPONS\Bullet.cpp">
      <Filter>2: Game\GameObjects Code\Items / Weapons</Filter>
    </ClCompile>
    <ClCompile Include="Sources\ObjectsCode\WEAPONS\BulletShellManager.cpp">
      <Filter>2: Game\GameObjects Code\Items / Weapons</Filter>
    </ClCompile>
    <ClCompile Include="Sources\ObjectsCode\WEAPONS\ChemLight.cpp">
      <Filter>2: Game\GameObjects Code\Items / Weapons</Filter>
    </ClCompile>
    <ClCompile Include="Sources\ObjectsCode\WEAPONS\ClientWeaponArmory.cpp">
      <Filter>2: Game\GameObjects Code\Items / Weapons</Filter>
    </ClCompile>
    <ClCompile Include="Sources\ObjectsCode\WEAPONS\ExplosionVisualController.cpp">
      <Filter>2: Game\GameObjects Code\Items / Weapons</Filter>
    </ClCompile>
    <ClCompile Include="Sources\ObjectsCode\WEAPONS\Flare.cpp">
      <Filter>2: Game\GameObjects Code\Items / Weapons</Filter>
    </ClCompile>
    <ClCompile Include="Sources\ObjectsCode\WEAPONS\FlashbangVisualController.cpp">
      <Filter>2: Game\GameObjects Code\Items / Weapons</Filter>
    </ClCompile>
    <ClCompile Include="Sources\ObjectsCode\WEAPONS\Gear.cpp">
      <Filter>2: Game\GameObjects Code\Items / Weapons</Filter>
    </ClCompile>
    <ClCompile Include="Sources\ObjectsCode\WEAPONS\GearConfig.cpp">
      <Filter>2: Game\GameObjects Code\Items / Weapons</Filter>
    </ClCompile>
    <ClCompile Include="Sources\ObjectsCode\WEAPONS\Grenade.cpp">
      <Filter>2: Game\GameObjects Code\Items / Weapons</Filter>
    </ClCompile>
    <ClCompile Include="Sources\ObjectsCode\WEAPONS\HeroConfig.cpp">
      <Filter>2: Game\GameObjects Code\Items / Weapons</Filter>
    </ClCompile>
    <ClCompile Include="Sources\ObjectsCode\WEAPONS\Weapon.cpp">
      <Filter>2: Game\GameObjects Code\Items / Weapons</Filter>
    </ClCompile>
    <ClCompile Include="Sources\ObjectsCode\WEAPONS\WeaponArmory.cpp">
      <Filter>2: Game\GameObjects Code\Items / Weapons</Filter>
    </ClCompile>
    <ClCompile Include="Sources\ObjectsCode\WEAPONS\WeaponConfig.cpp">
      <Filter>2: Game\GameObjects Code\Items / Weapons</Filter>
    </ClCompile>
    <ClCompile Include="Sources\ObjectsCode\Nature\GrassGen.cpp">
      <Filter>2: Game\GameObjects Code\Nature and Procedural</Filter>
    </ClCompile>
    <ClCompile Include="Sources\ObjectsCode\Nature\GrassLib.cpp">
      <Filter>2: Game\GameObjects Code\Nature and Procedural</Filter>
    </ClCompile>
    <ClCompile Include="Sources\ObjectsCode\Nature\GrassMap.cpp">
      <Filter>2: Game\GameObjects Code\Nature and Procedural</Filter>
    </ClCompile>
    <ClCompile Include="Sources\ObjectsCode\Nature\obj_LocalColorCorrection.cpp">
      <Filter>2: Game\GameObjects Code\Nature and Procedural</Filter>
    </ClCompile>
    <ClCompile Include="Sources\ObjectsCode\WORLD\obj_Road.cpp">
      <Filter>2: Game\GameObjects Code\Nature and Procedural</Filter>
    </ClCompile>
    <ClCompile Include="Sources\ObjectsCode\Nature\obj_Terrain.cpp">
      <Filter>2: Game\GameObjects Code\Nature and Procedural</Filter>
    </ClCompile>
    <ClCompile Include="Sources\ObjectsCode\Nature\wind.cpp">
      <Filter>2: Game\GameObjects Code\Nature and Procedural</Filter>
    </ClCompile>
    <ClCompile Include="Sources\ObjectsCode\Nature\cloudsSimple\cloudBoxesGeneration.cpp">
      <Filter>2: Game\GameObjects Code\Nature and Procedural\cloudsSimple</Filter>
    </ClCompile>
    <ClCompile Include="Sources\ObjectsCode\Nature\cloudsSimple\cloudsLightning.cpp">
      <Filter>2: Game\GameObjects Code\Nature and Procedural\cloudsSimple</Filter>
    </ClCompile>
    <ClCompile Include="Sources\ObjectsCode\Nature\cloudsSimple\cloudsSystem.cpp">
      <Filter>2: Game\GameObjects Code\Nature and Procedural\cloudsSimple</Filter>
    </ClCompile>
    <ClCompile Include="Sources\ObjectsCode\Nature\cloudsSimple\obj_cloudsSimple.cpp">
      <Filter>2: Game\GameObjects Code\Nature and Procedural\cloudsSimple</Filter>
    </ClCompile>
    <ClCompile Include="Sources\ObjectsCode\Nature\cloudsSimple\random.cpp">
      <Filter>2: Game\GameObjects Code\Nature and Procedural\cloudsSimple</Filter>
    </ClCompile>
    <ClCompile Include="Sources\ObjectsCode\Nature\cloudsSimple\SH.cpp">
      <Filter>2: Game\GameObjects Code\Nature and Procedural\cloudsSimple</Filter>
    </ClCompile>
    <ClCompile Include="Sources\ObjectsCode\WORLD\EnvmapGen.cpp">
      <Filter>2: Game\GameObjects Code\Service Objects</Filter>
    </ClCompile>
    <ClCompile Include="Sources\ObjectsCode\WORLD\EnvmapProbes.cpp">
      <Filter>2: Game\GameObjects Code\Service Objects</Filter>
    </ClCompile>
    <ClCompile Include="Sources\ObjectsCode\WORLD\obj_Depot.cpp">
      <Filter>2: Game\GameObjects Code\Service Objects</Filter>
    </ClCompile>
    <ClCompile Include="Sources\ObjectsCode\WORLD\obj_EnvmapProbe.cpp">
      <Filter>2: Game\GameObjects Code\Service Objects</Filter>
    </ClCompile>
    <ClCompile Include="Sources\ObjectsCode\AI\AI_Player.CPP">
      <Filter>2: Game\GameObjects Code\AI FPS</Filter>
    </ClCompile>
    <ClCompile Include="Sources\ObjectsCode\AI\AI_PlayerAnim.cpp">
      <Filter>2: Game\GameObjects Code\AI FPS</Filter>
    </ClCompile>
    <ClCompile Include="Sources\ObjectsCode\AI\AI_PlayerSenses.cpp">
      <Filter>2: Game\GameObjects Code\AI FPS</Filter>
    </ClCompile>
    <ClCompile Include="Sources\ObjectsCode\AI\r3dPhysSkeleton.cpp">
      <Filter>2: Game\GameObjects Code\AI FPS</Filter>
    </ClCompile>
    <ClCompile Include="Sources\ObjectsCode\Gameplay\AmbientSound.cpp">
      <Filter>2: Game\GameObjects Code\Gameplay</Filter>
    </ClCompile>
    <ClCompile Include="Sources\ObjectsCode\Gameplay\BaseItemSpawnPoint.cpp">
      <Filter>2: Game\GameObjects Code\Gameplay</Filter>
    </ClCompile>
    <ClCompile Include="Sources\ObjectsCode\Gameplay\BasePlayerSpawnPoint.cpp">
      <Filter>2: Game\GameObjects Code\Gameplay</Filter>
    </ClCompile>
    <ClCompile Include="Sources\ObjectsCode\Gameplay\MapBorder.CPP">
      <Filter>2: Game\GameObjects Code\Gameplay</Filter>
    </ClCompile>
    <ClCompile Include="Sources\ObjectsCode\Gameplay\MusicTriggerArea.cpp">
      <Filter>2: Game\GameObjects Code\Gameplay</Filter>
    </ClCompile>
    <ClCompile Include="Sources\ObjectsCode\Gameplay\NPCObject.cpp">
      <Filter>2: Game\GameObjects Code\Gameplay</Filter>
    </ClCompile>
    <ClCompile Include="Sources\ObjectsCode\Gameplay\obj_DamageArea.cpp">
      <Filter>2: Game\GameObjects Code\Gameplay</Filter>
    </ClCompile>
    <ClCompile Include="Sources\ObjectsCode\Gameplay\obj_DroppedItem.cpp">
      <Filter>2: Game\GameObjects Code\Gameplay</Filter>
    </ClCompile>
    <ClCompile Include="Sources\ObjectsCode\Gameplay\obj_ItemSpawnPoint.cpp">
      <Filter>2: Game\GameObjects Code\Gameplay</Filter>
    </ClCompile>
    <ClCompile Include="Sources\ObjectsCode\Gameplay\obj_Note.cpp">
      <Filter>2: Game\GameObjects Code\Gameplay</Filter>
    </ClCompile>
    <ClCompile Include="Sources\ObjectsCode\Gameplay\obj_PermanentNote.cpp">
      <Filter>2: Game\GameObjects Code\Gameplay</Filter>
    </ClCompile>
    <ClCompile Include="Sources\ObjectsCode\Gameplay\obj_PlayerSpawnPoint.cpp">
      <Filter>2: Game\GameObjects Code\Gameplay</Filter>
    </ClCompile>
    <ClCompile Include="Sources\ObjectsCode\Gameplay\obj_PostBox.cpp">
      <Filter>2: Game\GameObjects Code\Gameplay</Filter>
    </ClCompile>
    <ClCompile Include="Sources\ObjectsCode\Gameplay\obj_StoreNPC.cpp">
      <Filter>2: Game\GameObjects Code\Gameplay</Filter>
    </ClCompile>
    <ClCompile Include="Sources\ObjectsCode\Gameplay\obj_VaultNPC.cpp">
      <Filter>2: Game\GameObjects Code\Gameplay</Filter>
    </ClCompile>
    <ClCompile Include="Sources\ObjectsCode\Gameplay\ReverbZone.cpp">
      <Filter>2: Game\GameObjects Code\Gameplay</Filter>
    </ClCompile>
    <ClCompile Include="Sources\ObjectsCode\Gameplay\ReverbZoneBox.cpp">
      <Filter>2: Game\GameObjects Code\Gameplay</Filter>
    </ClCompile>
    <ClCompile Include="Sources\ObjectsCode\Gameplay\SharedUsableItem.cpp">
      <Filter>2: Game\GameObjects Code\Gameplay</Filter>
    </ClCompile>
    <ClCompile Include="Sources\ObjectsCode\Gameplay\UIWeaponModel.cpp">
      <Filter>2: Game\GameObjects Code\Gameplay</Filter>
    </ClCompile>
    <ClCompile Include="Sources\ObjectsCode\Gameplay\obj_Zombie.cpp">
      <Filter>2: Game\GameObjects Code\Gameplay\AI_Objects</Filter>
    </ClCompile>
    <ClCompile Include="Sources\ObjectsCode\Gameplay\obj_ZombieDummy.cpp">
      <Filter>2: Game\GameObjects Code\Gameplay\AI_Objects</Filter>
    </ClCompile>
    <ClCompile Include="Sources\ObjectsCode\Gameplay\obj_ZombieSpawn.cpp">
      <Filter>2: Game\GameObjects Code\Gameplay\AI_Objects</Filter>
    </ClCompile>
    <ClCompile Include="Sources\ObjectsCode\Gameplay\ZombieStates.cpp">
      <Filter>2: Game\GameObjects Code\Gameplay\AI_Objects</Filter>
    </ClCompile>
    <ClCompile Include="Sources\RENDERING\DX9\RenderDX9.cpp">
      <Filter>2: Game\Rendering\PC/Xbox</Filter>
    </ClCompile>
    <ClCompile Include="Sources\RENDERING\Deffered\D3DMiscFunctions.cpp">
      <Filter>2: Game\Rendering\Deffered HLSL</Filter>
    </ClCompile>
    <ClCompile Include="Sources\RENDERING\Deffered\DeferredHelpers.cpp">
      <Filter>2: Game\Rendering\Deffered HLSL</Filter>
    </ClCompile>
    <ClCompile Include="Sources\RENDERING\Deffered\HUDFilters.cpp">
      <Filter>2: Game\Rendering\Deffered HLSL</Filter>
    </ClCompile>
    <ClCompile Include="Sources\RENDERING\Deffered\PostFX.cpp">
      <Filter>2: Game\Rendering\Deffered HLSL</Filter>
    </ClCompile>
    <ClCompile Include="Sources\RENDERING\Deffered\PostFXChief.cpp">
      <Filter>2: Game\Rendering\Deffered HLSL</Filter>
    </ClCompile>
    <ClCompile Include="Sources\RENDERING\Deffered\RenderDeferredPointLightsOptimized.cpp">
      <Filter>2: Game\Rendering\Deffered HLSL</Filter>
    </ClCompile>
    <ClCompile Include="Sources\RENDERING\Deffered\RenderDeffered.cpp">
      <Filter>2: Game\Rendering\Deffered HLSL</Filter>
    </ClCompile>
    <ClCompile Include="Sources\RENDERING\Deffered\VisibilityGrid.cpp">
      <Filter>2: Game\Rendering\Deffered HLSL</Filter>
    </ClCompile>
    <ClCompile Include="Sources\RENDERING\Deffered\CommonPostFX.cpp">
      <Filter>2: Game\Rendering\Deffered HLSL\PostFXes</Filter>
    </ClCompile>
    <ClCompile Include="Sources\RENDERING\Deffered\PFX_1DLUTColorCorrection.cpp">
      <Filter>2: Game\Rendering\Deffered HLSL\PostFXes</Filter>
    </ClCompile>
    <ClCompile Include="Sources\RENDERING\Deffered\PFX_3DLUTColorCorrection.cpp">
      <Filter>2: Game\Rendering\Deffered HLSL\PostFXes</Filter>
    </ClCompile>
    <ClCompile Include="Sources\RENDERING\Deffered\PFX_AnaglyphComposite.cpp">
      <Filter>2: Game\Rendering\Deffered HLSL\PostFXes</Filter>
    </ClCompile>
    <ClCompile Include="Sources\RENDERING\Deffered\PFX_BlackWhiteColorCorrection.cpp">
      <Filter>2: Game\Rendering\Deffered HLSL\PostFXes</Filter>
    </ClCompile>
    <ClCompile Include="Sources\RENDERING\Deffered\PFX_BlurEdges.cpp">
      <Filter>2: Game\Rendering\Deffered HLSL\PostFXes</Filter>
    </ClCompile>
    <ClCompile Include="Sources\RENDERING\Deffered\PFX_BrightnessContrast.cpp">
      <Filter>2: Game\Rendering\Deffered HLSL\PostFXes</Filter>
    </ClCompile>
    <ClCompile Include="Sources\RENDERING\Deffered\PFX_BrightPass.cpp">
      <Filter>2: Game\Rendering\Deffered HLSL\PostFXes</Filter>
    </ClCompile>
    <ClCompile Include="Sources\RENDERING\Deffered\PFX_CalcLuma.cpp">
      <Filter>2: Game\Rendering\Deffered HLSL\PostFXes</Filter>
    </ClCompile>
    <ClCompile Include="Sources\RENDERING\Deffered\PFX_CameraMotionBlur.cpp">
      <Filter>2: Game\Rendering\Deffered HLSL\PostFXes</Filter>
    </ClCompile>
    <ClCompile Include="Sources\RENDERING\Deffered\PFX_Combine.cpp">
      <Filter>2: Game\Rendering\Deffered HLSL\PostFXes</Filter>
    </ClCompile>
    <ClCompile Include="Sources\RENDERING\Deffered\PFX_ComposeMultibloom.cpp">
      <Filter>2: Game\Rendering\Deffered HLSL\PostFXes</Filter>
    </ClCompile>
    <ClCompile Include="Sources\RENDERING\Deffered\PFX_ConvertToLDR.cpp">
      <Filter>2: Game\Rendering\Deffered HLSL\PostFXes</Filter>
    </ClCompile>
    <ClCompile Include="Sources\RENDERING\Deffered\PFX_Copy.cpp">
      <Filter>2: Game\Rendering\Deffered HLSL\PostFXes</Filter>
    </ClCompile>
    <ClCompile Include="Sources\RENDERING\Deffered\PFX_CopyOutput.cpp">
      <Filter>2: Game\Rendering\Deffered HLSL\PostFXes</Filter>
    </ClCompile>
    <ClCompile Include="Sources\RENDERING\Deffered\PFX_DirectionalBlur.cpp">
      <Filter>2: Game\Rendering\Deffered HLSL\PostFXes</Filter>
    </ClCompile>
    <ClCompile Include="Sources\RENDERING\Deffered\PFX_DirectionalStreaks.cpp">
      <Filter>2: Game\Rendering\Deffered HLSL\PostFXes</Filter>
    </ClCompile>
    <ClCompile Include="Sources\RENDERING\Deffered\PFX_DOFExtractNear.cpp">
      <Filter>2: Game\Rendering\Deffered HLSL\PostFXes</Filter>
    </ClCompile>
    <ClCompile Include="Sources\RENDERING\Deffered\PFX_DownSample.cpp">
      <Filter>2: Game\Rendering\Deffered HLSL\PostFXes</Filter>
    </ClCompile>
    <ClCompile Include="Sources\RENDERING\Deffered\PFX_ExplosionBlur.cpp">
      <Filter>2: Game\Rendering\Deffered HLSL\PostFXes</Filter>
    </ClCompile>
    <ClCompile Include="Sources\RENDERING\Deffered\PFX_ExposureBlend.cpp">
      <Filter>2: Game\Rendering\Deffered HLSL\PostFXes</Filter>
    </ClCompile>
    <ClCompile Include="Sources\RENDERING\Deffered\PFX_ExtractBloom.cpp">
      <Filter>2: Game\Rendering\Deffered HLSL\PostFXes</Filter>
    </ClCompile>
    <ClCompile Include="Sources\RENDERING\Deffered\PFX_ExtractGlow.cpp">
      <Filter>2: Game\Rendering\Deffered HLSL\PostFXes</Filter>
    </ClCompile>
    <ClCompile Include="Sources\RENDERING\Deffered\PFX_Fill.cpp">
      <Filter>2: Game\Rendering\Deffered HLSL\PostFXes</Filter>
    </ClCompile>
    <ClCompile Include="Sources\RENDERING\Deffered\PFX_FilmGrain.cpp">
      <Filter>2: Game\Rendering\Deffered HLSL\PostFXes</Filter>
    </ClCompile>
    <ClCompile Include="Sources\RENDERING\Deffered\PFX_FilmTone.cpp">
      <Filter>2: Game\Rendering\Deffered HLSL\PostFXes</Filter>
    </ClCompile>
    <ClCompile Include="Sources\RENDERING\Deffered\PFX_FXAA.cpp">
      <Filter>2: Game\Rendering\Deffered HLSL\PostFXes</Filter>
    </ClCompile>
    <ClCompile Include="Sources\RENDERING\Deffered\PFX_GammaCorrect.cpp">
      <Filter>2: Game\Rendering\Deffered HLSL\PostFXes</Filter>
    </ClCompile>
    <ClCompile Include="Sources\RENDERING\Deffered\PFX_GodRays.cpp">
      <Filter>2: Game\Rendering\Deffered HLSL\PostFXes</Filter>
    </ClCompile>
    <ClCompile Include="Sources\RENDERING\Deffered\PFX_Interpolate.cpp">
      <Filter>2: Game\Rendering\Deffered HLSL\PostFXes</Filter>
    </ClCompile>
    <ClCompile Include="Sources\RENDERING\Deffered\PFX_MinExpand.cpp">
      <Filter>2: Game\Rendering\Deffered HLSL\PostFXes</Filter>
    </ClCompile>
    <ClCompile Include="Sources\RENDERING\Deffered\PFX_MixIn.cpp">
      <Filter>2: Game\Rendering\Deffered HLSL\PostFXes</Filter>
    </ClCompile>
    <ClCompile Include="Sources\RENDERING\Deffered\PFX_MLAA.cpp">
      <Filter>2: Game\Rendering\Deffered HLSL\PostFXes</Filter>
    </ClCompile>
    <ClCompile Include="Sources\RENDERING\Deffered\PFX_NightVision.cpp">
      <Filter>2: Game\Rendering\Deffered HLSL\PostFXes</Filter>
    </ClCompile>
    <ClCompile Include="Sources\RENDERING\Deffered\PFX_ObjectMotionBlur.cpp">
      <Filter>2: Game\Rendering\Deffered HLSL\PostFXes</Filter>
    </ClCompile>
    <ClCompile Include="Sources\RENDERING\Deffered\PFX_RadialBlur.cpp">
      <Filter>2: Game\Rendering\Deffered HLSL\PostFXes</Filter>
    </ClCompile>
    <ClCompile Include="Sources\RENDERING\Deffered\PFX_ScopeEffect.cpp">
      <Filter>2: Game\Rendering\Deffered HLSL\PostFXes</Filter>
    </ClCompile>
    <ClCompile Include="Sources\RENDERING\Deffered\PFX_SeedSunThroughStencil.cpp">
      <Filter>2: Game\Rendering\Deffered HLSL\PostFXes</Filter>
    </ClCompile>
    <ClCompile Include="Sources\RENDERING\Deffered\PFX_StarShapeBlur.cpp">
      <Filter>2: Game\Rendering\Deffered HLSL\PostFXes</Filter>
    </ClCompile>
    <ClCompile Include="Sources\RENDERING\Deffered\PFX_StencilToMask.cpp">
      <Filter>2: Game\Rendering\Deffered HLSL\PostFXes</Filter>
    </ClCompile>
    <ClCompile Include="Sources\RENDERING\Deffered\PFX_StereoReproject.cpp">
      <Filter>2: Game\Rendering\Deffered HLSL\PostFXes</Filter>
    </ClCompile>
    <ClCompile Include="Sources\RENDERING\Deffered\PFX_SunGlare.cpp">
      <Filter>2: Game\Rendering\Deffered HLSL\PostFXes</Filter>
    </ClCompile>
    <ClCompile Include="Sources\RENDERING\Deffered\PFX_Transform.cpp">
      <Filter>2: Game\Rendering\Deffered HLSL\PostFXes</Filter>
    </ClCompile>
    <ClCompile Include="Sources\RENDERING\Probes\ProbeMaster.cpp">
      <Filter>2: Game\Rendering\Probes</Filter>
    </ClCompile>
    <ClCompile Include="Sources\DamageLib.cpp">
      <Filter>3: Client  / UI</Filter>
    </ClCompile>
    <ClCompile Include="Sources\Game.cpp">
      <Filter>3: Client  / UI</Filter>
    </ClCompile>
    <ClCompile Include="Sources\GameLevel.cpp">
      <Filter>3: Client  / UI</Filter>
    </ClCompile>
    <ClCompile Include="Sources\GameLevel_IO.cpp">
      <Filter>3: Client  / UI</Filter>
    </ClCompile>
    <ClCompile Include="Sources\LangMngr.cpp">
      <Filter>3: Client  / UI</Filter>
    </ClCompile>
    <ClCompile Include="Sources\Main.cpp">
      <Filter>3: Client  / UI</Filter>
    </ClCompile>
    <ClCompile Include="Sources\Main_Network.cpp">
      <Filter>3: Client  / UI</Filter>
    </ClCompile>
    <ClCompile Include="Sources\MeshPropertyLib.cpp">
      <Filter>3: Client  / UI</Filter>
    </ClCompile>
    <ClCompile Include="Sources\r3dAtmosphere.cpp">
      <Filter>3: Client  / UI</Filter>
    </ClCompile>
    <ClCompile Include="Sources\VersionNo.cpp">
      <Filter>3: Client  / UI</Filter>
    </ClCompile>
    <ClCompile Include="Sources\UI\HUD_Base.cpp">
      <Filter>3: Client  / UI\UI</Filter>
    </ClCompile>
    <ClCompile Include="Sources\UI\HUD_Character.cpp">
      <Filter>3: Client  / UI\UI</Filter>
    </ClCompile>
    <ClCompile Include="Sources\UI\HUD_EditorGame.cpp">
      <Filter>3: Client  / UI\UI</Filter>
    </ClCompile>
    <ClCompile Include="Sources\UI\HUD_ParticleEditor.cpp">
      <Filter>3: Client  / UI\UI</Filter>
    </ClCompile>
    <ClCompile Include="Sources\UI\HUD_PhysicsEditor.cpp">
      <Filter>3: Client  / UI\UI</Filter>
    </ClCompile>
    <ClCompile Include="Sources\UI\HUD_Spectator.cpp">
      <Filter>3: Client  / UI\UI</Filter>
    </ClCompile>
    <ClCompile Include="Sources\UI\HUD_TPSGame.cpp">
      <Filter>3: Client  / UI\UI</Filter>
    </ClCompile>
    <ClCompile Include="Sources\UI\HUDActionUI.cpp">
      <Filter>3: Client  / UI\UI</Filter>
    </ClCompile>
    <ClCompile Include="Sources\UI\HUDAttachments.cpp">
      <Filter>3: Client  / UI\UI</Filter>
    </ClCompile>
    <ClCompile Include="Sources\UI\HUDCameraEffects.cpp">
      <Filter>3: Client  / UI\UI</Filter>
    </ClCompile>
    <ClCompile Include="Sources\UI\HUDDisplay.cpp">
      <Filter>3: Client  / UI\UI</Filter>
    </ClCompile>
    <ClCompile Include="Sources\UI\HUDGeneralStore.cpp">
      <Filter>3: Client  / UI\UI</Filter>
    </ClCompile>
    <ClCompile Include="Sources\UI\HUDPause.cpp">
      <Filter>3: Client  / UI\UI</Filter>
    </ClCompile>
    <ClCompile Include="Sources\UI\HUDVault.cpp">
      <Filter>3: Client  / UI\UI</Filter>
    </ClCompile>
    <ClCompile Include="Sources\UI\UIItemInventory.cpp">
      <Filter>3: Client  / UI\UI</Filter>
    </ClCompile>
    <ClCompile Include="Sources\UI\UIMarket.cpp">
      <Filter>3: Client  / UI\UI</Filter>
    </ClCompile>
    <ClCompile Include="Sources\UI\UIMenu.cpp">
      <Filter>3: Client  / UI\UI</Filter>
    </ClCompile>
    <ClCompile Include="Sources\Editors\CameraSpotsManager.cpp">
      <Filter>3: Client  / UI\Editors</Filter>
    </ClCompile>
    <ClCompile Include="Sources\Editors\CollectionElement.cpp">
      <Filter>3: Client  / UI\Editors</Filter>
    </ClCompile>
    <ClCompile Include="Sources\Editors\CollectionElementProxyObject.cpp">
      <Filter>3: Client  / UI\Editors</Filter>
    </ClCompile>
    <ClCompile Include="Sources\Editors\CollectionsManager.cpp">
      <Filter>3: Client  / UI\Editors</Filter>
    </ClCompile>
    <ClCompile Include="Sources\Editors\CollectionType.cpp">
      <Filter>3: Client  / UI\Editors</Filter>
    </ClCompile>
    <ClCompile Include="Sources\Editors\DecalProxyObject.cpp">
      <Filter>3: Client  / UI\Editors</Filter>
    </ClCompile>
    <ClCompile Include="Sources\Editors\EditedValueTracker.cpp">
      <Filter>3: Client  / UI\Editors</Filter>
    </ClCompile>
    <ClCompile Include="Sources\Editors\LevelEditor.cpp">
      <Filter>3: Client  / UI\Editors</Filter>
    </ClCompile>
    <ClCompile Include="Sources\Editors\LevelEditor_Collections.cpp">
      <Filter>3: Client  / UI\Editors</Filter>
    </ClCompile>
    <ClCompile Include="Sources\Editors\LevelEditor_Decorators.cpp">
      <Filter>3: Client  / UI\Editors</Filter>
    </ClCompile>
    <ClCompile Include="Sources\Editors\ObjectManipulator3d.cpp">
      <Filter>3: Client  / UI\Editors</Filter>
    </ClCompile>
    <ClCompile Include="Sources\Editors\ParticleEditor.cpp">
      <Filter>3: Client  / UI\Editors</Filter>
    </ClCompile>
    <ClCompile Include="Sources\Editors\ParticleEditorUndoSubsystem.cpp">
      <Filter>3: Client  / UI\Editors</Filter>
    </ClCompile>
    <ClCompile Include="Sources\Editors\RoadEditor.cpp">
      <Filter>3: Client  / UI\Editors</Filter>
    </ClCompile>
    <ClCompile Include="Sources\Editors\Terrain2Editor.cpp">
      <Filter>3: Client  / UI\Editors</Filter>
    </ClCompile>
    <ClCompile Include="Sources\Editors\Tool_AxisControl.cpp">
      <Filter>3: Client  / UI\Editors</Filter>
    </ClCompile>
    <ClCompile Include="Sources\Editors\WaterEditorUndoSubsystem.cpp">
      <Filter>3: Client  / UI\Editors</Filter>
    </ClCompile>
    <ClCompile Include="Sources\UI\FrontEndShared.cpp">
      <Filter>3: Client  / UI\Menus</Filter>
    </ClCompile>
    <ClCompile Include="Sources\UI\FrontEndWarZ.cpp">
      <Filter>3: Client  / UI\Menus</Filter>
    </ClCompile>
    <ClCompile Include="Sources\Menus\m_AppSelect.cpp">
      <Filter>3: Client  / UI\Menus</Filter>
    </ClCompile>
    <ClCompile Include="Sources\UI\m_LoadingScreen.cpp">
      <Filter>3: Client  / UI\Menus</Filter>
    </ClCompile>
    <ClCompile Include="Sources\Menus\m_Main.cpp">
      <Filter>3: Client  / UI\Menus</Filter>
    </ClCompile>
    <ClCompile Include="Sources\GameCode\UserClans.cpp">
      <Filter>3: Client  / UI\Account</Filter>
    </ClCompile>
    <ClCompile Include="Sources\GameCode\UserFriends.cpp">
      <Filter>3: Client  / UI\Account</Filter>
    </ClCompile>
    <ClCompile Include="Sources\GameCode\UserProfile.cpp">
      <Filter>3: Client  / UI\Account</Filter>
    </ClCompile>
    <ClCompile Include="Sources\GameCode\UserRewards.cpp">
      <Filter>3: Client  / UI\Account</Filter>
    </ClCompile>
    <ClCompile Include="Sources\GameCode\UserSettings.cpp">
      <Filter>3: Client  / UI\Account</Filter>
    </ClCompile>
    <ClCompile Include="Sources\GameCode\UserSkills.cpp">
      <Filter>3: Client  / UI\Account</Filter>
    </ClCompile>
    <ClCompile Include="Sources\UIFilters\NightVisionController.cpp">
      <Filter>3: Client  / UI\UI Filters</Filter>
    </ClCompile>
    <ClCompile Include="Sources\multiplayer\ClientGameLogic.cpp">
      <Filter>Multiplayer</Filter>
    </ClCompile>
    <ClCompile Include="Sources\multiplayer\LoginSessionPoller.cpp">
      <Filter>Multiplayer</Filter>
    </ClCompile>
    <ClCompile Include="Sources\multiplayer\MasterServerLogic.cpp">
      <Filter>Multiplayer</Filter>
    </ClCompile>
    <ClCompile Include="Sources\XMLHelpers.cpp">
      <Filter>Core</Filter>
    </ClCompile>
    <ClCompile Include="Sources\Backend\HttpDownload.cpp">
      <Filter>BackEnd</Filter>
    </ClCompile>
    <ClCompile Include="Sources\Backend\WOBackendAPI.cpp">
      <Filter>BackEnd</Filter>
    </ClCompile>
    <ClCompile Include="..\GameEngine\CamouflageDataManager.cpp">
      <Filter>GameEngine</Filter>
    </ClCompile>
    <ClCompile Include="..\GameEngine\DebugHelpers.cpp">
      <Filter>GameEngine</Filter>
    </ClCompile>
    <ClCompile Include="..\GameEngine\ai\NavGenerationHelpers.cpp">
      <Filter>GameEngine\ai</Filter>
    </ClCompile>
    <ClCompile Include="..\GameEngine\ai\NavRegionManager.cpp">
      <Filter>GameEngine\ai</Filter>
    </ClCompile>
    <ClCompile Include="..\GameEngine\ai\AutodeskNav\AutodeskCustomBridges.cpp">
      <Filter>GameEngine\ai\AutodeskNav</Filter>
    </ClCompile>
    <ClCompile Include="..\GameEngine\ai\AutodeskNav\AutodeskNavAgent.cpp">
      <Filter>GameEngine\ai\AutodeskNav</Filter>
    </ClCompile>
    <ClCompile Include="..\GameEngine\ai\AutodeskNav\AutodeskNavMesh.cpp">
      <Filter>GameEngine\ai\AutodeskNav</Filter>
    </ClCompile>
    <ClCompile Include="..\GameEngine\fmod\SoundSys.cpp">
      <Filter>GameEngine\fmod</Filter>
    </ClCompile>
    <ClCompile Include="..\GameEngine\gameobjects\AObject.cpp">
      <Filter>GameEngine\gameobjects</Filter>
    </ClCompile>
    <ClCompile Include="..\GameEngine\gameobjects\ApexActor.cpp">
      <Filter>GameEngine\gameobjects</Filter>
    </ClCompile>
    <ClCompile Include="..\GameEngine\gameobjects\ApexFileStream.cpp">
      <Filter>GameEngine\gameobjects</Filter>
    </ClCompile>
    <ClCompile Include="..\GameEngine\gameobjects\ApexRenderer.cpp">
      <Filter>GameEngine\gameobjects</Filter>
    </ClCompile>
    <ClCompile Include="..\GameEngine\gameobjects\ApexWorld.cpp">
      <Filter>GameEngine\gameobjects</Filter>
    </ClCompile>
    <ClCompile Include="..\GameEngine\gameobjects\GameObj.cpp">
      <Filter>GameEngine\gameobjects</Filter>
    </ClCompile>
    <ClCompile Include="..\GameEngine\gameobjects\GenericQuadTree.cpp">
      <Filter>GameEngine\gameobjects</Filter>
    </ClCompile>
    <ClCompile Include="..\GameEngine\gameobjects\obj_Apex.cpp">
      <Filter>GameEngine\gameobjects</Filter>
    </ClCompile>
    <ClCompile Include="..\GameEngine\gameobjects\obj_Dummy.cpp">
      <Filter>GameEngine\gameobjects</Filter>
    </ClCompile>
    <ClCompile Include="..\GameEngine\gameobjects\obj_Mesh.cpp">
      <Filter>GameEngine\gameobjects</Filter>
    </ClCompile>
    <ClCompile Include="..\GameEngine\gameobjects\obj_Sprite.cpp">
      <Filter>GameEngine\gameobjects</Filter>
    </ClCompile>
    <ClCompile Include="..\GameEngine\gameobjects\obj_Vehicle.cpp">
      <Filter>GameEngine\gameobjects</Filter>
    </ClCompile>
    <ClCompile Include="..\GameEngine\gameobjects\ObjManag.cpp">
      <Filter>GameEngine\gameobjects</Filter>
    </ClCompile>
    <ClCompile Include="..\GameEngine\gameobjects\PhysObj.cpp">
      <Filter>GameEngine\gameobjects</Filter>
    </ClCompile>
    <ClCompile Include="..\GameEngine\gameobjects\PhysXRepXHelpers.cpp">
      <Filter>GameEngine\gameobjects</Filter>
    </ClCompile>
    <ClCompile Include="..\GameEngine\gameobjects\PhysXWorld.cpp">
      <Filter>GameEngine\gameobjects</Filter>
    </ClCompile>
    <ClCompile Include="..\GameEngine\gameobjects\sceneBox.cpp">
      <Filter>GameEngine\gameobjects</Filter>
    </ClCompile>
    <ClCompile Include="..\GameEngine\gameobjects\VehicleDescriptor.cpp">
      <Filter>GameEngine\gameobjects</Filter>
    </ClCompile>
    <ClCompile Include="..\GameEngine\gameobjects\VehicleManager.cpp">
      <Filter>GameEngine\gameobjects</Filter>
    </ClCompile>
    <ClCompile Include="..\GameEngine\APIScaleformGfx.cpp">
      <Filter>GameEngine\Scaleform</Filter>
    </ClCompile>
    <ClCompile Include="..\External\Scaleform\Src\Render\D3D9\D3D9_HAL.cpp">
      <Filter>GameEngine\Scaleform</Filter>
    </ClCompile>
    <ClCompile Include="..\External\Scaleform\Src\Render\D3D9\D3D9_HALSetup.cpp">
      <Filter>GameEngine\Scaleform</Filter>
    </ClCompile>
    <ClCompile Include="..\External\Scaleform\Src\Render\D3D9\D3D9_MeshCache.cpp">
      <Filter>GameEngine\Scaleform</Filter>
    </ClCompile>
    <ClCompile Include="..\External\Scaleform\Src\Render\D3D9\D3D9_Shader.cpp">
      <Filter>GameEngine\Scaleform</Filter>
    </ClCompile>
    <ClCompile Include="..\External\Scaleform\Src\Render\D3D9\D3D9_ShaderBinary.cpp">
      <Filter>GameEngine\Scaleform</Filter>
    </ClCompile>
    <ClCompile Include="..\External\Scaleform\Src\Render\D3D9\D3D9_ShaderDescs.cpp">
      <Filter>GameEngine\Scaleform</Filter>
    </ClCompile>
    <ClCompile Include="..\External\Scaleform\Src\Render\D3D9\D3D9_Texture.cpp">
      <Filter>GameEngine\Scaleform</Filter>
    </ClCompile>
    <ClCompile Include="..\GameEngine\TrueNature\HoffmanScatter.cpp">
      <Filter>GameEngine\TrueNature</Filter>
    </ClCompile>
    <ClCompile Include="..\GameEngine\TrueNature\ITerrain.cpp">
      <Filter>GameEngine\TrueNature</Filter>
    </ClCompile>
    <ClCompile Include="..\GameEngine\TrueNature\SkyDome.cpp">
      <Filter>GameEngine\TrueNature</Filter>
    </ClCompile>
    <ClCompile Include="..\GameEngine\TrueNature\Sun.cpp">
      <Filter>GameEngine\TrueNature</Filter>
    </ClCompile>
    <ClCompile Include="..\GameEngine\TrueNature\Terrain.cpp">
      <Filter>GameEngine\TrueNature</Filter>
    </ClCompile>
    <ClCompile Include="..\GameEngine\TrueNature\Terrain_Erosion.cpp">
      <Filter>GameEngine\TrueNature</Filter>
    </ClCompile>
    <ClCompile Include="..\GameEngine\TrueNature\CloudPlane\Cloud.cpp">
      <Filter>GameEngine\TrueNature\CloudPlane</Filter>
    </ClCompile>
    <ClCompile Include="..\GameEngine\TrueNature\CloudPlane\CloudGrid.cpp">
      <Filter>GameEngine\TrueNature\CloudPlane</Filter>
    </ClCompile>
    <ClCompile Include="..\GameEngine\TrueNature\CloudPlane\CloudPlane.cpp">
      <Filter>GameEngine\TrueNature\CloudPlane</Filter>
    </ClCompile>
    <ClCompile Include="..\GameEngine\TrueNature\CloudPlane\SceneParameter.cpp">
      <Filter>GameEngine\TrueNature\CloudPlane</Filter>
    </ClCompile>
    <ClCompile Include="..\GameEngine\TrueNature\CloudPlane\Shader.cpp">
      <Filter>GameEngine\TrueNature\CloudPlane</Filter>
    </ClCompile>
    <ClCompile Include="..\GameEngine\TrueNature\CloudPlane\Shaders.cpp">
      <Filter>GameEngine\TrueNature\CloudPlane</Filter>
    </ClCompile>
    <ClCompile Include="..\GameEngine\TrueNature2\Terrain2.cpp">
      <Filter>GameEngine\TrueNature2</Filter>
    </ClCompile>
    <ClCompile Include="..\External\PhysX\Source\PhysXCharacterKinematic\src\CctBoxController.cpp">
      <Filter>GameEngine\PhysX Character Controller</Filter>
    </ClCompile>
    <ClCompile Include="..\External\PhysX\Source\PhysXCharacterKinematic\src\CctCapsuleController.cpp">
      <Filter>GameEngine\PhysX Character Controller</Filter>
    </ClCompile>
    <ClCompile Include="..\External\PhysX\Source\PhysXCharacterKinematic\src\CctCharacterController.cpp">
      <Filter>GameEngine\PhysX Character Controller</Filter>
    </ClCompile>
    <ClCompile Include="..\External\PhysX\Source\PhysXCharacterKinematic\src\CctCharacterControllerCallbacks.cpp">
      <Filter>GameEngine\PhysX Character Controller</Filter>
    </ClCompile>
    <ClCompile Include="..\External\PhysX\Source\PhysXCharacterKinematic\src\CctCharacterControllerManager.cpp">
      <Filter>GameEngine\PhysX Character Controller</Filter>
    </ClCompile>
    <ClCompile Include="..\External\PhysX\Source\PhysXCharacterKinematic\src\CctController.cpp">
      <Filter>GameEngine\PhysX Character Controller</Filter>
    </ClCompile>
    <ClCompile Include="..\External\PhysX\Source\PhysXCharacterKinematic\src\CctObstacleContext.cpp">
      <Filter>GameEngine\PhysX Character Controller</Filter>
    </ClCompile>
    <ClCompile Include="..\External\PhysX\Source\PhysXCharacterKinematic\src\CctSweptBox.cpp">
      <Filter>GameEngine\PhysX Character Controller</Filter>
    </ClCompile>
    <ClCompile Include="..\External\PhysX\Source\PhysXCharacterKinematic\src\CctSweptCapsule.cpp">
      <Filter>GameEngine\PhysX Character Controller</Filter>
    </ClCompile>
    <ClCompile Include="..\External\PhysX\Source\PhysXCharacterKinematic\src\CctSweptVolume.cpp">
      <Filter>GameEngine\PhysX Character Controller</Filter>
    </ClCompile>
    <ClCompile Include="Sources\ObjectsCode\WORLD\DecalChief.cpp" />
    <ClCompile Include="Sources\ObjectsCode\WORLD\DecalChiefUndoRedoActions.cpp" />
    <ClCompile Include="Sources\ObjectsCode\Nature\GrassEditorPlanes.cpp" />
    <ClCompile Include="Sources\ObjectsCode\WORLD\MaterialTypes.cpp" />
    <ClCompile Include="Sources\multiplayer\NetCellMover.cpp" />
    <ClCompile Include="Sources\ObjectsCode\Gameplay\obj_VehicleSpawn.cpp" />
    <ClCompile Include="r3dPCH.cpp" />
    <ClCompile Include="Sources\SteamHelper.cpp" />
    <ClCompile Include="Sources\Editors\TerrainMods.cpp" />
  </ItemGroup>
  <ItemGroup>
    <ClInclude Include="Sources\ObjectsCode\World\Building.h">
      <Filter>2: Game\GameObjects Code\Static World Objects</Filter>
    </ClInclude>
    <ClInclude Include="Sources\ObjectsCode\WORLD\Lake.H">
      <Filter>2: Game\GameObjects Code\Static World Objects</Filter>
    </ClInclude>
    <ClInclude Include="Sources\ObjectsCode\World\Lamp.H">
      <Filter>2: Game\GameObjects Code\Static World Objects</Filter>
    </ClInclude>
    <ClInclude Include="Sources\ObjectsCode\WORLD\obj_Group.H">
      <Filter>2: Game\GameObjects Code\Static World Objects</Filter>
    </ClInclude>
    <ClInclude Include="Sources\ObjectsCode\WORLD\obj_LightMesh.h">
      <Filter>2: Game\GameObjects Code\Static World Objects</Filter>
    </ClInclude>
    <ClInclude Include="Sources\ObjectsCode\WORLD\tree.h">
      <Filter>2: Game\GameObjects Code\Static World Objects</Filter>
    </ClInclude>
    <ClInclude Include="Sources\ObjectsCode\WORLD\water.h">
      <Filter>2: Game\GameObjects Code\Static World Objects</Filter>
    </ClInclude>
    <ClInclude Include="Sources\ObjectsCode\WORLD\WaterPlane.H">
      <Filter>2: Game\GameObjects Code\Static World Objects</Filter>
    </ClInclude>
    <ClInclude Include="Sources\ObjectsCode\WORLD\waterAnim\fft.h">
      <Filter>2: Game\GameObjects Code\Static World Objects\waterAnim</Filter>
    </ClInclude>
    <ClInclude Include="Sources\ObjectsCode\WORLD\waterAnim\wavesGenerator.h">
      <Filter>2: Game\GameObjects Code\Static World Objects\waterAnim</Filter>
    </ClInclude>
    <ClInclude Include="Sources\ObjectsCode\Effects\obj_ParticleSystem.H">
      <Filter>2: Game\GameObjects Code\SFX &amp; Particles</Filter>
    </ClInclude>
    <ClInclude Include="Sources\ObjectsCode\WEAPONS\Ammo.h">
      <Filter>2: Game\GameObjects Code\Items / Weapons</Filter>
    </ClInclude>
    <ClInclude Include="Sources\ObjectsCode\WEAPONS\Barricade.h">
      <Filter>2: Game\GameObjects Code\Items / Weapons</Filter>
    </ClInclude>
    <ClInclude Include="Sources\ObjectsCode\WEAPONS\BaseItemConfig.h">
      <Filter>2: Game\GameObjects Code\Items / Weapons</Filter>
    </ClInclude>
    <ClInclude Include="Sources\ObjectsCode\WEAPONS\Bullet.h">
      <Filter>2: Game\GameObjects Code\Items / Weapons</Filter>
    </ClInclude>
    <ClInclude Include="Sources\ObjectsCode\WEAPONS\BulletShellManager.h">
      <Filter>2: Game\GameObjects Code\Items / Weapons</Filter>
    </ClInclude>
    <ClInclude Include="Sources\ObjectsCode\WEAPONS\ChemLight.h">
      <Filter>2: Game\GameObjects Code\Items / Weapons</Filter>
    </ClInclude>
    <ClInclude Include="Sources\ObjectsCode\WEAPONS\ClientWeaponArmory.h">
      <Filter>2: Game\GameObjects Code\Items / Weapons</Filter>
    </ClInclude>
    <ClInclude Include="Sources\ObjectsCode\WEAPONS\ExplosionVisualController.h">
      <Filter>2: Game\GameObjects Code\Items / Weapons</Filter>
    </ClInclude>
    <ClInclude Include="Sources\ObjectsCode\WEAPONS\Flare.h">
      <Filter>2: Game\GameObjects Code\Items / Weapons</Filter>
    </ClInclude>
    <ClInclude Include="Sources\ObjectsCode\WEAPONS\FlashbangVisualController.h">
      <Filter>2: Game\GameObjects Code\Items / Weapons</Filter>
    </ClInclude>
    <ClInclude Include="Sources\ObjectsCode\WEAPONS\Gear.h">
      <Filter>2: Game\GameObjects Code\Items / Weapons</Filter>
    </ClInclude>
    <ClInclude Include="Sources\ObjectsCode\WEAPONS\GearConfig.h">
      <Filter>2: Game\GameObjects Code\Items / Weapons</Filter>
    </ClInclude>
    <ClInclude Include="Sources\ObjectsCode\WEAPONS\Grenade.h">
      <Filter>2: Game\GameObjects Code\Items / Weapons</Filter>
    </ClInclude>
    <ClInclude Include="Sources\ObjectsCode\WEAPONS\HeroConfig.h">
      <Filter>2: Game\GameObjects Code\Items / Weapons</Filter>
    </ClInclude>
    <ClInclude Include="Sources\ObjectsCode\WEAPONS\Weapon.h">
      <Filter>2: Game\GameObjects Code\Items / Weapons</Filter>
    </ClInclude>
    <ClInclude Include="Sources\ObjectsCode\WEAPONS\WeaponArmory.h">
      <Filter>2: Game\GameObjects Code\Items / Weapons</Filter>
    </ClInclude>
    <ClInclude Include="Sources\ObjectsCode\WEAPONS\WeaponConfig.h">
      <Filter>2: Game\GameObjects Code\Items / Weapons</Filter>
    </ClInclude>
    <ClInclude Include="Sources\ObjectsCode\Nature\GrassGen.h">
      <Filter>2: Game\GameObjects Code\Nature and Procedural</Filter>
    </ClInclude>
    <ClInclude Include="Sources\ObjectsCode\Nature\GrassLib.h">
      <Filter>2: Game\GameObjects Code\Nature and Procedural</Filter>
    </ClInclude>
    <ClInclude Include="Sources\ObjectsCode\Nature\GrassMap.h">
      <Filter>2: Game\GameObjects Code\Nature and Procedural</Filter>
    </ClInclude>
    <ClInclude Include="Sources\ObjectsCode\Nature\obj_LocalColorCorrection.h">
      <Filter>2: Game\GameObjects Code\Nature and Procedural</Filter>
    </ClInclude>
    <ClInclude Include="Sources\ObjectsCode\WORLD\obj_Road.h">
      <Filter>2: Game\GameObjects Code\Nature and Procedural</Filter>
    </ClInclude>
    <ClInclude Include="Sources\ObjectsCode\Nature\obj_Terrain.H">
      <Filter>2: Game\GameObjects Code\Nature and Procedural</Filter>
    </ClInclude>
    <ClInclude Include="Sources\ObjectsCode\Nature\wind.h">
      <Filter>2: Game\GameObjects Code\Nature and Procedural</Filter>
    </ClInclude>
    <ClInclude Include="Sources\ObjectsCode\Nature\cloudsSimple\cloudBoxesGeneration.h">
      <Filter>2: Game\GameObjects Code\Nature and Procedural\cloudsSimple</Filter>
    </ClInclude>
    <ClInclude Include="Sources\ObjectsCode\Nature\cloudsSimple\cloudsLightning.h">
      <Filter>2: Game\GameObjects Code\Nature and Procedural\cloudsSimple</Filter>
    </ClInclude>
    <ClInclude Include="Sources\ObjectsCode\Nature\cloudsSimple\cloudsSystem.h">
      <Filter>2: Game\GameObjects Code\Nature and Procedural\cloudsSimple</Filter>
    </ClInclude>
    <ClInclude Include="Sources\ObjectsCode\Nature\cloudsSimple\ndmath.h">
      <Filter>2: Game\GameObjects Code\Nature and Procedural\cloudsSimple</Filter>
    </ClInclude>
    <ClInclude Include="Sources\ObjectsCode\Nature\cloudsSimple\obj_cloudsSimple.h">
      <Filter>2: Game\GameObjects Code\Nature and Procedural\cloudsSimple</Filter>
    </ClInclude>
    <ClInclude Include="Sources\ObjectsCode\Nature\cloudsSimple\random.h">
      <Filter>2: Game\GameObjects Code\Nature and Procedural\cloudsSimple</Filter>
    </ClInclude>
    <ClInclude Include="Sources\ObjectsCode\Nature\cloudsSimple\SH.h">
      <Filter>2: Game\GameObjects Code\Nature and Procedural\cloudsSimple</Filter>
    </ClInclude>
    <ClInclude Include="Sources\ObjectsCode\Nature\cloudsSimple\types.h">
      <Filter>2: Game\GameObjects Code\Nature and Procedural\cloudsSimple</Filter>
    </ClInclude>
    <ClInclude Include="Sources\ObjectsCode\WORLD\EnvmapGen.h">
      <Filter>2: Game\GameObjects Code\Service Objects</Filter>
    </ClInclude>
    <ClInclude Include="Sources\ObjectsCode\WORLD\EnvmapProbes.h">
      <Filter>2: Game\GameObjects Code\Service Objects</Filter>
    </ClInclude>
    <ClInclude Include="Sources\ObjectsCode\WORLD\obj_DebugTexture.h">
      <Filter>2: Game\GameObjects Code\Service Objects</Filter>
    </ClInclude>
    <ClInclude Include="Sources\ObjectsCode\WORLD\obj_Depot.H">
      <Filter>2: Game\GameObjects Code\Service Objects</Filter>
    </ClInclude>
    <ClInclude Include="Sources\ObjectsCode\WORLD\obj_EnvmapProbe.h">
      <Filter>2: Game\GameObjects Code\Service Objects</Filter>
    </ClInclude>
    <ClInclude Include="Sources\ObjectsCode\AI\AI_Player.H">
      <Filter>2: Game\GameObjects Code\AI FPS</Filter>
    </ClInclude>
    <ClInclude Include="Sources\ObjectsCode\AI\AI_PlayerAnim.h">
      <Filter>2: Game\GameObjects Code\AI FPS</Filter>
    </ClInclude>
    <ClInclude Include="Sources\ObjectsCode\AI\AI_PlayerSenses.h">
      <Filter>2: Game\GameObjects Code\AI FPS</Filter>
    </ClInclude>
    <ClInclude Include="Sources\Gameplay_Params.h">
      <Filter>2: Game\GameObjects Code\AI FPS</Filter>
    </ClInclude>
    <ClInclude Include="Sources\ObjectsCode\AI\r3dPhysSkeleton.h">
      <Filter>2: Game\GameObjects Code\AI FPS</Filter>
    </ClInclude>
    <ClInclude Include="Sources\ObjectsCode\AI\StateMachine.h">
      <Filter>2: Game\GameObjects Code\AI FPS</Filter>
    </ClInclude>
    <ClInclude Include="Sources\ObjectsCode\Gameplay\AmbientSound.h">
      <Filter>2: Game\GameObjects Code\Gameplay</Filter>
    </ClInclude>
    <ClInclude Include="Sources\ObjectsCode\Gameplay\BaseItemSpawnPoint.h">
      <Filter>2: Game\GameObjects Code\Gameplay</Filter>
    </ClInclude>
    <ClInclude Include="Sources\ObjectsCode\Gameplay\BasePlayerSpawnPoint.h">
      <Filter>2: Game\GameObjects Code\Gameplay</Filter>
    </ClInclude>
    <ClInclude Include="Sources\ObjectsCode\Gameplay\MapBorder.H">
      <Filter>2: Game\GameObjects Code\Gameplay</Filter>
    </ClInclude>
    <ClInclude Include="Sources\ObjectsCode\Gameplay\MusicTriggerArea.h">
      <Filter>2: Game\GameObjects Code\Gameplay</Filter>
    </ClInclude>
    <ClInclude Include="Sources\ObjectsCode\Gameplay\NPCObject.h">
      <Filter>2: Game\GameObjects Code\Gameplay</Filter>
    </ClInclude>
    <ClInclude Include="Sources\ObjectsCode\Gameplay\obj_DamageArea.h">
      <Filter>2: Game\GameObjects Code\Gameplay</Filter>
    </ClInclude>
    <ClInclude Include="Sources\ObjectsCode\Gameplay\obj_DroppedItem.h">
      <Filter>2: Game\GameObjects Code\Gameplay</Filter>
    </ClInclude>
    <ClInclude Include="Sources\ObjectsCode\Gameplay\obj_ItemSpawnPoint.h">
      <Filter>2: Game\GameObjects Code\Gameplay</Filter>
    </ClInclude>
    <ClInclude Include="Sources\ObjectsCode\Gameplay\obj_Note.h">
      <Filter>2: Game\GameObjects Code\Gameplay</Filter>
    </ClInclude>
    <ClInclude Include="Sources\ObjectsCode\Gameplay\obj_PermanentNote.h">
      <Filter>2: Game\GameObjects Code\Gameplay</Filter>
    </ClInclude>
    <ClInclude Include="Sources\ObjectsCode\Gameplay\obj_PlayerSpawnPoint.h">
      <Filter>2: Game\GameObjects Code\Gameplay</Filter>
    </ClInclude>
    <ClInclude Include="Sources\ObjectsCode\Gameplay\obj_PostBox.h">
      <Filter>2: Game\GameObjects Code\Gameplay</Filter>
    </ClInclude>
    <ClInclude Include="Sources\ObjectsCode\Gameplay\obj_StoreNPC.h">
      <Filter>2: Game\GameObjects Code\Gameplay</Filter>
    </ClInclude>
    <ClInclude Include="Sources\ObjectsCode\Gameplay\obj_VaultNPC.h">
      <Filter>2: Game\GameObjects Code\Gameplay</Filter>
    </ClInclude>
    <ClInclude Include="Sources\ObjectsCode\Gameplay\ReverbZone.h">
      <Filter>2: Game\GameObjects Code\Gameplay</Filter>
    </ClInclude>
    <ClInclude Include="Sources\ObjectsCode\Gameplay\ReverbZoneBox.h">
      <Filter>2: Game\GameObjects Code\Gameplay</Filter>
    </ClInclude>
    <ClInclude Include="Sources\ObjectsCode\Gameplay\SharedUsableItem.h">
      <Filter>2: Game\GameObjects Code\Gameplay</Filter>
    </ClInclude>
    <ClInclude Include="Sources\ObjectsCode\Gameplay\UIWeaponModel.h">
      <Filter>2: Game\GameObjects Code\Gameplay</Filter>
    </ClInclude>
    <ClInclude Include="Sources\ObjectsCode\Gameplay\obj_Zombie.h">
      <Filter>2: Game\GameObjects Code\Gameplay\AI_Objects</Filter>
    </ClInclude>
    <ClInclude Include="Sources\ObjectsCode\Gameplay\obj_ZombieDummy.h">
      <Filter>2: Game\GameObjects Code\Gameplay\AI_Objects</Filter>
    </ClInclude>
    <ClInclude Include="Sources\ObjectsCode\Gameplay\obj_ZombieSpawn.h">
      <Filter>2: Game\GameObjects Code\Gameplay\AI_Objects</Filter>
    </ClInclude>
    <ClInclude Include="Sources\ObjectsCode\Gameplay\ZombieStates.h">
      <Filter>2: Game\GameObjects Code\Gameplay\AI_Objects</Filter>
    </ClInclude>
    <ClInclude Include="..\..\bin\Data\Shaders\DX9_P1\SYSTEM\LibSM\shadow_config.h">
      <Filter>2: Game\Rendering</Filter>
    </ClInclude>
    <ClInclude Include="Sources\RENDERING\DX9\DrawWorld.hpp">
      <Filter>2: Game\Rendering\PC/Xbox</Filter>
    </ClInclude>
    <ClInclude Include="Sources\RENDERING\DX9\RenderDX9.h">
      <Filter>2: Game\Rendering\PC/Xbox</Filter>
    </ClInclude>
    <ClInclude Include="Sources\RENDERING\Deffered\D3DMiscFunctions.h">
      <Filter>2: Game\Rendering\Deffered HLSL</Filter>
    </ClInclude>
    <ClInclude Include="Sources\RENDERING\Deffered\DeferredHelpers.h">
      <Filter>2: Game\Rendering\Deffered HLSL</Filter>
    </ClInclude>
    <ClInclude Include="Sources\RENDERING\Deffered\FogEffects.hpp">
      <Filter>2: Game\Rendering\Deffered HLSL</Filter>
    </ClInclude>
    <ClInclude Include="Sources\RENDERING\Deffered\HUDFilters.h">
      <Filter>2: Game\Rendering\Deffered HLSL</Filter>
    </ClInclude>
    <ClInclude Include="Sources\RENDERING\Deffered\PostFX.h">
      <Filter>2: Game\Rendering\Deffered HLSL</Filter>
    </ClInclude>
    <ClInclude Include="Sources\RENDERING\Deffered\PostFXChief.h">
      <Filter>2: Game\Rendering\Deffered HLSL</Filter>
    </ClInclude>
    <ClInclude Include="Sources\RENDERING\Deffered\RenderDeferredPointLightsOptimized.h">
      <Filter>2: Game\Rendering\Deffered HLSL</Filter>
    </ClInclude>
    <ClInclude Include="Sources\RENDERING\Deffered\RenderDeffered.h">
      <Filter>2: Game\Rendering\Deffered HLSL</Filter>
    </ClInclude>
    <ClInclude Include="Sources\RENDERING\Deffered\RenderDefferedScene.hpp">
      <Filter>2: Game\Rendering\Deffered HLSL</Filter>
    </ClInclude>
    <ClInclude Include="Sources\RENDERING\Deffered\rendershadowmap.hpp">
      <Filter>2: Game\Rendering\Deffered HLSL</Filter>
    </ClInclude>
    <ClInclude Include="Sources\RENDERING\Deffered\VisibilityGrid.h">
      <Filter>2: Game\Rendering\Deffered HLSL</Filter>
    </ClInclude>
    <ClInclude Include="Sources\RENDERING\Deffered\CommonPostFX.h">
      <Filter>2: Game\Rendering\Deffered HLSL\PostFXes</Filter>
    </ClInclude>
    <ClInclude Include="Sources\RENDERING\Deffered\PFX_1DLUTColorCorrection.h">
      <Filter>2: Game\Rendering\Deffered HLSL\PostFXes</Filter>
    </ClInclude>
    <ClInclude Include="Sources\RENDERING\Deffered\PFX_3DLUTColorCorrection.h">
      <Filter>2: Game\Rendering\Deffered HLSL\PostFXes</Filter>
    </ClInclude>
    <ClInclude Include="Sources\RENDERING\Deffered\PFX_AnaglyphComposite.h">
      <Filter>2: Game\Rendering\Deffered HLSL\PostFXes</Filter>
    </ClInclude>
    <ClInclude Include="Sources\RENDERING\Deffered\PFX_BlackWhiteColorCorrection.h">
      <Filter>2: Game\Rendering\Deffered HLSL\PostFXes</Filter>
    </ClInclude>
    <ClInclude Include="Sources\RENDERING\Deffered\PFX_BlurEdges.h">
      <Filter>2: Game\Rendering\Deffered HLSL\PostFXes</Filter>
    </ClInclude>
    <ClInclude Include="Sources\RENDERING\Deffered\PFX_BrightnessContrast.h">
      <Filter>2: Game\Rendering\Deffered HLSL\PostFXes</Filter>
    </ClInclude>
    <ClInclude Include="Sources\RENDERING\Deffered\PFX_BrightPass.h">
      <Filter>2: Game\Rendering\Deffered HLSL\PostFXes</Filter>
    </ClInclude>
    <ClInclude Include="Sources\RENDERING\Deffered\PFX_CalcLuma.h">
      <Filter>2: Game\Rendering\Deffered HLSL\PostFXes</Filter>
    </ClInclude>
    <ClInclude Include="Sources\RENDERING\Deffered\PFX_CameraMotionBlur.h">
      <Filter>2: Game\Rendering\Deffered HLSL\PostFXes</Filter>
    </ClInclude>
    <ClInclude Include="Sources\RENDERING\Deffered\PFX_Combine.h">
      <Filter>2: Game\Rendering\Deffered HLSL\PostFXes</Filter>
    </ClInclude>
    <ClInclude Include="Sources\RENDERING\Deffered\PFX_ComposeMultibloom.h">
      <Filter>2: Game\Rendering\Deffered HLSL\PostFXes</Filter>
    </ClInclude>
    <ClInclude Include="Sources\RENDERING\Deffered\PFX_ConvertToLDR.h">
      <Filter>2: Game\Rendering\Deffered HLSL\PostFXes</Filter>
    </ClInclude>
    <ClInclude Include="Sources\RENDERING\Deffered\PFX_Copy.h">
      <Filter>2: Game\Rendering\Deffered HLSL\PostFXes</Filter>
    </ClInclude>
    <ClInclude Include="Sources\RENDERING\Deffered\PFX_CopyOutput.h">
      <Filter>2: Game\Rendering\Deffered HLSL\PostFXes</Filter>
    </ClInclude>
    <ClInclude Include="Sources\RENDERING\Deffered\PFX_DirectionalBlur.h">
      <Filter>2: Game\Rendering\Deffered HLSL\PostFXes</Filter>
    </ClInclude>
    <ClInclude Include="Sources\RENDERING\Deffered\PFX_DirectionalStreaks.h">
      <Filter>2: Game\Rendering\Deffered HLSL\PostFXes</Filter>
    </ClInclude>
    <ClInclude Include="Sources\RENDERING\Deffered\PFX_DOFExtractNear.h">
      <Filter>2: Game\Rendering\Deffered HLSL\PostFXes</Filter>
    </ClInclude>
    <ClInclude Include="Sources\RENDERING\Deffered\PFX_DownSample.h">
      <Filter>2: Game\Rendering\Deffered HLSL\PostFXes</Filter>
    </ClInclude>
    <ClInclude Include="Sources\RENDERING\Deffered\PFX_ExplosionBlur.h">
      <Filter>2: Game\Rendering\Deffered HLSL\PostFXes</Filter>
    </ClInclude>
    <ClInclude Include="Sources\RENDERING\Deffered\PFX_ExposureBlend.h">
      <Filter>2: Game\Rendering\Deffered HLSL\PostFXes</Filter>
    </ClInclude>
    <ClInclude Include="Sources\RENDERING\Deffered\PFX_ExtractBloom.h">
      <Filter>2: Game\Rendering\Deffered HLSL\PostFXes</Filter>
    </ClInclude>
    <ClInclude Include="Sources\RENDERING\Deffered\PFX_ExtractGlow.h">
      <Filter>2: Game\Rendering\Deffered HLSL\PostFXes</Filter>
    </ClInclude>
    <ClInclude Include="Sources\RENDERING\Deffered\PFX_Fill.h">
      <Filter>2: Game\Rendering\Deffered HLSL\PostFXes</Filter>
    </ClInclude>
    <ClInclude Include="Sources\RENDERING\Deffered\PFX_FilmGrain.h">
      <Filter>2: Game\Rendering\Deffered HLSL\PostFXes</Filter>
    </ClInclude>
    <ClInclude Include="Sources\RENDERING\Deffered\PFX_FilmTone.h">
      <Filter>2: Game\Rendering\Deffered HLSL\PostFXes</Filter>
    </ClInclude>
    <ClInclude Include="Sources\RENDERING\Deffered\PFX_FXAA.h">
      <Filter>2: Game\Rendering\Deffered HLSL\PostFXes</Filter>
    </ClInclude>
    <ClInclude Include="Sources\RENDERING\Deffered\PFX_GammaCorrect.h">
      <Filter>2: Game\Rendering\Deffered HLSL\PostFXes</Filter>
    </ClInclude>
    <ClInclude Include="Sources\RENDERING\Deffered\PFX_GodRays.h">
      <Filter>2: Game\Rendering\Deffered HLSL\PostFXes</Filter>
    </ClInclude>
    <ClInclude Include="Sources\RENDERING\Deffered\PFX_Interpolate.h">
      <Filter>2: Game\Rendering\Deffered HLSL\PostFXes</Filter>
    </ClInclude>
    <ClInclude Include="Sources\RENDERING\Deffered\PFX_MinExpand.h">
      <Filter>2: Game\Rendering\Deffered HLSL\PostFXes</Filter>
    </ClInclude>
    <ClInclude Include="Sources\RENDERING\Deffered\PFX_MixIn.h">
      <Filter>2: Game\Rendering\Deffered HLSL\PostFXes</Filter>
    </ClInclude>
    <ClInclude Include="Sources\RENDERING\Deffered\PFX_MLAA.h">
      <Filter>2: Game\Rendering\Deffered HLSL\PostFXes</Filter>
    </ClInclude>
    <ClInclude Include="Sources\RENDERING\Deffered\PFX_NightVision.h">
      <Filter>2: Game\Rendering\Deffered HLSL\PostFXes</Filter>
    </ClInclude>
    <ClInclude Include="Sources\RENDERING\Deffered\PFX_ObjectMotionBlur.h">
      <Filter>2: Game\Rendering\Deffered HLSL\PostFXes</Filter>
    </ClInclude>
    <ClInclude Include="Sources\RENDERING\Deffered\PFX_RadialBlur.h">
      <Filter>2: Game\Rendering\Deffered HLSL\PostFXes</Filter>
    </ClInclude>
    <ClInclude Include="Sources\RENDERING\Deffered\PFX_ScopeEffect.h">
      <Filter>2: Game\Rendering\Deffered HLSL\PostFXes</Filter>
    </ClInclude>
    <ClInclude Include="Sources\RENDERING\Deffered\PFX_SeedSunThroughStencil.h">
      <Filter>2: Game\Rendering\Deffered HLSL\PostFXes</Filter>
    </ClInclude>
    <ClInclude Include="Sources\RENDERING\Deffered\PFX_StarShapeBlur.h">
      <Filter>2: Game\Rendering\Deffered HLSL\PostFXes</Filter>
    </ClInclude>
    <ClInclude Include="Sources\RENDERING\Deffered\PFX_StencilToMask.h">
      <Filter>2: Game\Rendering\Deffered HLSL\PostFXes</Filter>
    </ClInclude>
    <ClInclude Include="Sources\RENDERING\Deffered\PFX_StereoReproject.h">
      <Filter>2: Game\Rendering\Deffered HLSL\PostFXes</Filter>
    </ClInclude>
    <ClInclude Include="Sources\RENDERING\Deffered\PFX_SunGlare.h">
      <Filter>2: Game\Rendering\Deffered HLSL\PostFXes</Filter>
    </ClInclude>
    <ClInclude Include="Sources\RENDERING\Deffered\PFX_Transform.h">
      <Filter>2: Game\Rendering\Deffered HLSL\PostFXes</Filter>
    </ClInclude>
    <ClInclude Include="Sources\RENDERING\Probes\ProbeMaster.h">
      <Filter>2: Game\Rendering\Probes</Filter>
    </ClInclude>
    <ClInclude Include="Sources\DamageLib.h">
      <Filter>3: Client  / UI</Filter>
    </ClInclude>
    <ClInclude Include="Sources\Game.h">
      <Filter>3: Client  / UI</Filter>
    </ClInclude>
    <ClInclude Include="Sources\GameCommon.h">
      <Filter>3: Client  / UI</Filter>
    </ClInclude>
    <ClInclude Include="Sources\GameLevel.h">
      <Filter>3: Client  / UI</Filter>
    </ClInclude>
    <ClInclude Include="Sources\LangMngr.h">
      <Filter>3: Client  / UI</Filter>
    </ClInclude>
    <ClInclude Include="Sources\MeshPropertyLib.h">
      <Filter>3: Client  / UI</Filter>
    </ClInclude>
    <ClInclude Include="Sources\r3dAtmosphere.h">
      <Filter>3: Client  / UI</Filter>
    </ClInclude>
    <ClInclude Include="Sources\VersionNo.h">
      <Filter>3: Client  / UI</Filter>
    </ClInclude>
    <ClInclude Include="Sources\UI\HUD_Base.h">
      <Filter>3: Client  / UI\UI</Filter>
    </ClInclude>
    <ClInclude Include="Sources\UI\HUD_Character.h">
      <Filter>3: Client  / UI\UI</Filter>
    </ClInclude>
    <ClInclude Include="Sources\UI\HUD_EditorGame.h">
      <Filter>3: Client  / UI\UI</Filter>
    </ClInclude>
    <ClInclude Include="Sources\UI\HUD_ParticleEditor.h">
      <Filter>3: Client  / UI\UI</Filter>
    </ClInclude>
    <ClInclude Include="Sources\UI\HUD_PhysicsEditor.h">
      <Filter>3: Client  / UI\UI</Filter>
    </ClInclude>
    <ClInclude Include="Sources\UI\HUD_Spectator.h">
      <Filter>3: Client  / UI\UI</Filter>
    </ClInclude>
    <ClInclude Include="Sources\UI\HUD_TPSGame.h">
      <Filter>3: Client  / UI\UI</Filter>
    </ClInclude>
    <ClInclude Include="Sources\UI\HUDActionUI.h">
      <Filter>3: Client  / UI\UI</Filter>
    </ClInclude>
    <ClInclude Include="Sources\UI\HUDAttachments.h">
      <Filter>3: Client  / UI\UI</Filter>
    </ClInclude>
    <ClInclude Include="Sources\UI\HUDCameraEffects.h">
      <Filter>3: Client  / UI\UI</Filter>
    </ClInclude>
    <ClInclude Include="Sources\UI\HUDDisplay.h">
      <Filter>3: Client  / UI\UI</Filter>
    </ClInclude>
    <ClInclude Include="Sources\UI\HUDGeneralStore.h">
      <Filter>3: Client  / UI\UI</Filter>
    </ClInclude>
    <ClInclude Include="Sources\UI\HUDPause.h">
      <Filter>3: Client  / UI\UI</Filter>
    </ClInclude>
    <ClInclude Include="Sources\UI\HUDVault.h">
      <Filter>3: Client  / UI\UI</Filter>
    </ClInclude>
    <ClInclude Include="Sources\UI\UIAsync.h">
      <Filter>3: Client  / UI\UI</Filter>
    </ClInclude>
    <ClInclude Include="Sources\UI\UIItemInventory.h">
      <Filter>3: Client  / UI\UI</Filter>
    </ClInclude>
    <ClInclude Include="Sources\UI\UIMarket.h">
      <Filter>3: Client  / UI\UI</Filter>
    </ClInclude>
    <ClInclude Include="Sources\UI\UIMenu.h">
      <Filter>3: Client  / UI\UI</Filter>
    </ClInclude>
    <ClInclude Include="Sources\Editors\CameraSpotsManager.h">
      <Filter>3: Client  / UI\Editors</Filter>
    </ClInclude>
    <ClInclude Include="Sources\Editors\CollectionElement.h">
      <Filter>3: Client  / UI\Editors</Filter>
    </ClInclude>
    <ClInclude Include="Sources\Editors\CollectionElementProxyObject.h">
      <Filter>3: Client  / UI\Editors</Filter>
    </ClInclude>
    <ClInclude Include="Sources\Editors\CollectionsManager.h">
      <Filter>3: Client  / UI\Editors</Filter>
    </ClInclude>
    <ClInclude Include="Sources\Editors\CollectionsUtils.h">
      <Filter>3: Client  / UI\Editors</Filter>
    </ClInclude>
    <ClInclude Include="Sources\Editors\CollectionType.h">
      <Filter>3: Client  / UI\Editors</Filter>
    </ClInclude>
    <ClInclude Include="Sources\Editors\DecalProxyObject.h">
      <Filter>3: Client  / UI\Editors</Filter>
    </ClInclude>
    <ClInclude Include="Sources\Editors\EditedValueTracker.h">
      <Filter>3: Client  / UI\Editors</Filter>
    </ClInclude>
    <ClInclude Include="Sources\Editors\LevelEditor.h">
      <Filter>3: Client  / UI\Editors</Filter>
    </ClInclude>
    <ClInclude Include="Sources\Editors\LevelEditor_Collections.h">
      <Filter>3: Client  / UI\Editors</Filter>
    </ClInclude>
    <ClInclude Include="Sources\Editors\LevelEditor_Decorators.h">
      <Filter>3: Client  / UI\Editors</Filter>
    </ClInclude>
    <ClInclude Include="Sources\Editors\ObjectManipulator3d.h">
      <Filter>3: Client  / UI\Editors</Filter>
    </ClInclude>
    <ClInclude Include="Sources\Editors\ParticleEditorUndoSubsystem.h">
      <Filter>3: Client  / UI\Editors</Filter>
    </ClInclude>
    <ClInclude Include="Sources\Editors\RoadEditor.h">
      <Filter>3: Client  / UI\Editors</Filter>
    </ClInclude>
    <ClInclude Include="Sources\Editors\Terrain2Editor.h">
      <Filter>3: Client  / UI\Editors</Filter>
    </ClInclude>
    <ClInclude Include="Sources\Editors\Tool_AxisControl.h">
      <Filter>3: Client  / UI\Editors</Filter>
    </ClInclude>
    <ClInclude Include="Sources\Editors\WaterEditorUndoSubsystem.h">
      <Filter>3: Client  / UI\Editors</Filter>
    </ClInclude>
    <ClInclude Include="Sources\UI\FrontEndShared.h">
      <Filter>3: Client  / UI\Menus</Filter>
    </ClInclude>
    <ClInclude Include="Sources\UI\FrontEndWarZ.h">
      <Filter>3: Client  / UI\Menus</Filter>
    </ClInclude>
    <ClInclude Include="Sources\Menus\m_AppSelect.h">
      <Filter>3: Client  / UI\Menus</Filter>
    </ClInclude>
    <ClInclude Include="Sources\UI\m_LoadingScreen.h">
      <Filter>3: Client  / UI\Menus</Filter>
    </ClInclude>
    <ClInclude Include="Sources\Menus\m_Main.h">
      <Filter>3: Client  / UI\Menus</Filter>
    </ClInclude>
    <ClInclude Include="Sources\GameCode\UserClans.h">
      <Filter>3: Client  / UI\Account</Filter>
    </ClInclude>
    <ClInclude Include="Sources\GameCode\UserFriends.h">
      <Filter>3: Client  / UI\Account</Filter>
    </ClInclude>
    <ClInclude Include="Sources\GameCode\UserProfile.h">
      <Filter>3: Client  / UI\Account</Filter>
    </ClInclude>
    <ClInclude Include="Sources\GameCode\UserRewards.h">
      <Filter>3: Client  / UI\Account</Filter>
    </ClInclude>
    <ClInclude Include="Sources\GameCode\UserSettings.h">
      <Filter>3: Client  / UI\Account</Filter>
    </ClInclude>
    <ClInclude Include="Sources\GameCode\UserSkills.h">
      <Filter>3: Client  / UI\Account</Filter>
    </ClInclude>
    <ClInclude Include="Sources\UIFilters\NightVisionController.h">
      <Filter>3: Client  / UI\UI Filters</Filter>
    </ClInclude>
    <ClInclude Include="Sources\multiplayer\ClientGameLogic.h">
      <Filter>Multiplayer</Filter>
    </ClInclude>
    <ClInclude Include="Sources\multiplayer\LoginSessionPoller.h">
      <Filter>Multiplayer</Filter>
    </ClInclude>
    <ClInclude Include="Sources\multiplayer\MasterServerLogic.h">
      <Filter>Multiplayer</Filter>
    </ClInclude>
    <ClInclude Include="Sources\multiplayer\P2PMessages.h">
      <Filter>Multiplayer</Filter>
    </ClInclude>
    <ClInclude Include="Sources\DEBUG.HPP">
      <Filter>Core</Filter>
    </ClInclude>
    <ClInclude Include="Sources\Helper.hpp">
      <Filter>Core</Filter>
    </ClInclude>
    <ClInclude Include="Sources\LoadWorld.hpp">
      <Filter>Core</Filter>
    </ClInclude>
    <ClInclude Include="Sources\XMLHelpers.h">
      <Filter>Core</Filter>
    </ClInclude>
    <ClInclude Include="Sources\Backend\HttpDownload.h">
      <Filter>BackEnd</Filter>
    </ClInclude>
    <ClInclude Include="Sources\Backend\WOBackendAPI.h">
      <Filter>BackEnd</Filter>
    </ClInclude>
    <ClInclude Include="..\GameEngine\CamouflageDataManager.h">
      <Filter>GameEngine</Filter>
    </ClInclude>
    <ClInclude Include="..\GameEngine\DebugHelpers.h">
      <Filter>GameEngine</Filter>
    </ClInclude>
    <ClInclude Include="..\GameEngine\ai\NavGenerationHelpers.h">
      <Filter>GameEngine\ai</Filter>
    </ClInclude>
    <ClInclude Include="..\GameEngine\ai\NavRegionManager.h">
      <Filter>GameEngine\ai</Filter>
    </ClInclude>
    <ClInclude Include="..\GameEngine\ai\AutodeskNav\AutodeskCustomBridges.h">
      <Filter>GameEngine\ai\AutodeskNav</Filter>
    </ClInclude>
    <ClInclude Include="..\GameEngine\ai\AutodeskNav\AutodeskNavAgent.h">
      <Filter>GameEngine\ai\AutodeskNav</Filter>
    </ClInclude>
    <ClInclude Include="..\GameEngine\ai\AutodeskNav\AutodeskNavMesh.h">
      <Filter>GameEngine\ai\AutodeskNav</Filter>
    </ClInclude>
    <ClInclude Include="..\GameEngine\fmod\SoundSys.h">
      <Filter>GameEngine\fmod</Filter>
    </ClInclude>
    <ClInclude Include="..\GameEngine\gameobjects\AObject.h">
      <Filter>GameEngine\gameobjects</Filter>
    </ClInclude>
    <ClInclude Include="..\GameEngine\gameobjects\ApexActor.h">
      <Filter>GameEngine\gameobjects</Filter>
    </ClInclude>
    <ClInclude Include="..\GameEngine\gameobjects\ApexCommon.h">
      <Filter>GameEngine\gameobjects</Filter>
    </ClInclude>
    <ClInclude Include="..\GameEngine\gameobjects\ApexFileStream.h">
      <Filter>GameEngine\gameobjects</Filter>
    </ClInclude>
    <ClInclude Include="..\GameEngine\gameobjects\ApexRenderer.h">
      <Filter>GameEngine\gameobjects</Filter>
    </ClInclude>
    <ClInclude Include="..\GameEngine\gameobjects\ApexWorld.h">
      <Filter>GameEngine\gameobjects</Filter>
    </ClInclude>
    <ClInclude Include="..\GameEngine\gameobjects\CollFunc.hpp">
      <Filter>GameEngine\gameobjects</Filter>
    </ClInclude>
    <ClInclude Include="..\GameEngine\gameobjects\CollMain.h">
      <Filter>GameEngine\gameobjects</Filter>
    </ClInclude>
    <ClInclude Include="..\GameEngine\gameobjects\CollMain.hpp">
      <Filter>GameEngine\gameobjects</Filter>
    </ClInclude>
    <ClInclude Include="..\GameEngine\gameobjects\EventTransport.h">
      <Filter>GameEngine\gameobjects</Filter>
    </ClInclude>
    <ClInclude Include="..\GameEngine\gameobjects\GameObj.h">
      <Filter>GameEngine\gameobjects</Filter>
    </ClInclude>
    <ClInclude Include="..\GameEngine\gameobjects\GenericQuadTree.h">
      <Filter>GameEngine\gameobjects</Filter>
    </ClInclude>
    <ClInclude Include="..\GameEngine\gameobjects\obj_Apex.hpp">
      <Filter>GameEngine\gameobjects</Filter>
    </ClInclude>
    <ClInclude Include="..\GameEngine\gameobjects\obj_Dummy.h">
      <Filter>GameEngine\gameobjects</Filter>
    </ClInclude>
    <ClInclude Include="..\GameEngine\gameobjects\obj_Mesh.h">
      <Filter>GameEngine\gameobjects</Filter>
    </ClInclude>
    <ClInclude Include="..\GameEngine\gameobjects\obj_Sprite.h">
      <Filter>GameEngine\gameobjects</Filter>
    </ClInclude>
    <ClInclude Include="..\GameEngine\gameobjects\obj_Vehicle.h">
      <Filter>GameEngine\gameobjects</Filter>
    </ClInclude>
    <ClInclude Include="..\GameEngine\gameobjects\ObjectRegistration.h">
      <Filter>GameEngine\gameobjects</Filter>
    </ClInclude>
    <ClInclude Include="..\GameEngine\gameobjects\ObjManag.h">
      <Filter>GameEngine\gameobjects</Filter>
    </ClInclude>
    <ClInclude Include="..\GameEngine\gameobjects\PhysObj.h">
      <Filter>GameEngine\gameobjects</Filter>
    </ClInclude>
    <ClInclude Include="..\GameEngine\gameobjects\PhysXRepXHelpers.h">
      <Filter>GameEngine\gameobjects</Filter>
    </ClInclude>
    <ClInclude Include="..\GameEngine\gameobjects\PhysXWorld.h">
      <Filter>GameEngine\gameobjects</Filter>
    </ClInclude>
    <ClInclude Include="..\GameEngine\gameobjects\sceneBox.h">
      <Filter>GameEngine\gameobjects</Filter>
    </ClInclude>
    <ClInclude Include="..\GameEngine\gameobjects\VehicleDescriptor.h">
      <Filter>GameEngine\gameobjects</Filter>
    </ClInclude>
    <ClInclude Include="..\GameEngine\gameobjects\VehicleManager.h">
      <Filter>GameEngine\gameobjects</Filter>
    </ClInclude>
    <ClInclude Include="..\GameEngine\APIScaleformGfx.h">
      <Filter>GameEngine\Scaleform</Filter>
    </ClInclude>
    <ClInclude Include="..\GameEngine\TrueNature\cubemap.h">
      <Filter>GameEngine\TrueNature</Filter>
    </ClInclude>
    <ClInclude Include="..\GameEngine\TrueNature\HeightNormalVert.h">
      <Filter>GameEngine\TrueNature</Filter>
    </ClInclude>
    <ClInclude Include="..\GameEngine\TrueNature\HoffmanScatter.h">
      <Filter>GameEngine\TrueNature</Filter>
    </ClInclude>
    <ClInclude Include="..\GameEngine\TrueNature\ITerrain.h">
      <Filter>GameEngine\TrueNature</Filter>
    </ClInclude>
    <ClInclude Include="..\GameEngine\TrueNature\SkyDome.h">
      <Filter>GameEngine\TrueNature</Filter>
    </ClInclude>
    <ClInclude Include="..\GameEngine\TrueNature\Sun.h">
      <Filter>GameEngine\TrueNature</Filter>
    </ClInclude>
    <ClInclude Include="..\GameEngine\TrueNature\Terrain.h">
      <Filter>GameEngine\TrueNature</Filter>
    </ClInclude>
    <ClInclude Include="..\GameEngine\TrueNature\CloudPlane\Cloud.h">
      <Filter>GameEngine\TrueNature\CloudPlane</Filter>
    </ClInclude>
    <ClInclude Include="..\GameEngine\TrueNature\CloudPlane\CloudGrid.h">
      <Filter>GameEngine\TrueNature\CloudPlane</Filter>
    </ClInclude>
    <ClInclude Include="..\GameEngine\TrueNature\CloudPlane\CloudPlane.h">
      <Filter>GameEngine\TrueNature\CloudPlane</Filter>
    </ClInclude>
    <ClInclude Include="..\GameEngine\TrueNature\CloudPlane\SceneParameter.h">
      <Filter>GameEngine\TrueNature\CloudPlane</Filter>
    </ClInclude>
    <ClInclude Include="..\GameEngine\TrueNature\CloudPlane\Shader.h">
      <Filter>GameEngine\TrueNature\CloudPlane</Filter>
    </ClInclude>
    <ClInclude Include="..\GameEngine\TrueNature\CloudPlane\Shaders.h">
      <Filter>GameEngine\TrueNature\CloudPlane</Filter>
    </ClInclude>
    <ClInclude Include="..\GameEngine\TrueNature2\Terrain2.h">
      <Filter>GameEngine\TrueNature2</Filter>
    </ClInclude>
    <ClInclude Include="..\External\PhysX\Source\PhysXCharacterKinematic\src\CctBoxController.h">
      <Filter>GameEngine\PhysX Character Controller</Filter>
    </ClInclude>
    <ClInclude Include="..\External\PhysX\Source\PhysXCharacterKinematic\src\CctCapsuleController.h">
      <Filter>GameEngine\PhysX Character Controller</Filter>
    </ClInclude>
    <ClInclude Include="..\External\PhysX\Source\PhysXCharacterKinematic\src\CctCharacterController.h">
      <Filter>GameEngine\PhysX Character Controller</Filter>
    </ClInclude>
    <ClInclude Include="..\External\PhysX\Source\PhysXCharacterKinematic\src\CctCharacterControllerManager.h">
      <Filter>GameEngine\PhysX Character Controller</Filter>
    </ClInclude>
    <ClInclude Include="..\External\PhysX\Source\PhysXCharacterKinematic\src\CctController.h">
      <Filter>GameEngine\PhysX Character Controller</Filter>
    </ClInclude>
    <ClInclude Include="..\External\PhysX\Source\PhysXCharacterKinematic\src\CctInternalStructs.h">
      <Filter>GameEngine\PhysX Character Controller</Filter>
    </ClInclude>
    <ClInclude Include="..\External\PhysX\Source\PhysXCharacterKinematic\src\CctObstacleContext.h">
      <Filter>GameEngine\PhysX Character Controller</Filter>
    </ClInclude>
    <ClInclude Include="..\External\PhysX\Source\PhysXCharacterKinematic\src\CctSweptBox.h">
      <Filter>GameEngine\PhysX Character Controller</Filter>
    </ClInclude>
    <ClInclude Include="..\External\PhysX\Source\PhysXCharacterKinematic\src\CctSweptCapsule.h">
      <Filter>GameEngine\PhysX Character Controller</Filter>
    </ClInclude>
    <ClInclude Include="..\External\PhysX\Source\PhysXCharacterKinematic\src\CctSweptVolume.h">
      <Filter>GameEngine\PhysX Character Controller</Filter>
    </ClInclude>
    <ClInclude Include="..\External\PhysX\Source\PhysXCharacterKinematic\src\CctUtils.h">
      <Filter>GameEngine\PhysX Character Controller</Filter>
    </ClInclude>
    <ClInclude Include="Sources\ObjectsCode\WORLD\DecalChief.h" />
    <ClInclude Include="Sources\ObjectsCode\WORLD\DecalChiefUndoRedoActions.h" />
    <ClInclude Include="Sources\ObjectsCode\Nature\GrassEditorPlanes.h" />
    <ClInclude Include="Sources\ObjectsCode\WORLD\MaterialTypes.h" />
    <ClInclude Include="Sources\multiplayer\NetCellMover.h" />
    <ClInclude Include="Sources\ObjectsCode\Gameplay\obj_VehicleSpawn.h" />
    <ClInclude Include="Sources\resource.h" />
    <ClInclude Include="Sources\SteamHelper.h" />
    <ClInclude Include="Sources\Editors\TerrainMods.h" />
  </ItemGroup>
  <ItemGroup>
    <ResourceCompile Include="Sources\resource.rc" />
  </ItemGroup>
  <ItemGroup>
    <Image Include="Sources\WarZIcon.ico" />
  </ItemGroup>
</Project>